
Microsoft Visual Studio Solution File, Format Version 12.00
# Visual Studio Version 17
VisualStudioVersion = 17.7.34018.315
MinimumVisualStudioVersion = 10.0.40219.1
Project("{9A19103F-16F7-4668-BE54-9A1E7A4F7556}") = "CalculadoraIMC", "CalculadoraIMC.csproj", "{BF93BCF1-F5B8-4801-BE2E-60C21B2EF6A1}"
EndProject
Global
	GlobalSection(SolutionConfigurationPlatforms) = preSolution
		Debug|Any CPU = Debug|Any CPU
		Release|Any CPU = Release|Any CPU
	EndGlobalSection
	GlobalSection(ProjectConfigurationPlatforms) = postSolution
		{BF93BCF1-F5B8-4801-BE2E-60C21B2EF6A1}.Debug|Any CPU.ActiveCfg = Debug|Any CPU
		{BF93BCF1-F5B8-4801-BE2E-60C21B2EF6A1}.Debug|Any CPU.Build.0 = Debug|Any CPU
		{BF93BCF1-F5B8-4801-BE2E-60C21B2EF6A1}.Release|Any CPU.ActiveCfg = Release|Any CPU
		{BF93BCF1-F5B8-4801-BE2E-60C21B2EF6A1}.Release|Any CPU.Build.0 = Release|Any CPU
	EndGlobalSection
	GlobalSection(SolutionProperties) = preSolution
		HideSolutionNode = FALSE
	EndGlobalSection
	GlobalSection(ExtensibilityGlobals) = postSolution
		SolutionGuid = {EDB90255-5B4A-4C63-8583-70B642082B20}
	EndGlobalSection
EndGlobal
